{
  "version": 4,
  "terraform_version": "1.5.1",
  "serial": 29,
  "lineage": "6bfb778a-3487-0e3f-4df3-c285cce47952",
  "outputs": {
    "aks_fqdn": {
      "value": null,
      "type": "string"
    },
    "aks_id": {
      "value": null,
      "type": "string"
    },
    "aks_node_rg": {
      "value": null,
      "type": "string"
    }
  },
  "resources": [
    {
      "mode": "managed",
      "type": "azurerm_resource_group",
      "name": "rg",
      "provider": "provider[\"registry.terraform.io/hashicorp/azurerm\"]",
      "instances": [
        {
          "schema_version": 0,
          "attributes": {
            "id": "/subscriptions/5c09efad-987e-4392-b86b-e27fddefe153/resourceGroups/Hitachi_rg_test",
            "location": "eastus",
            "name": "Hitachi_rg_test",
            "tags": {
              "CostCenter": "124.6609.700.58180.R07. 000000",
              "Owner": "missing"
            },
            "timeouts": {
              "create": null,
              "delete": null,
              "read": null,
              "update": null
            }
          },
          "sensitive_attributes": [],
          "private": "eyJlMmJmYjczMC1lY2FhLTExZTYtOGY4OC0zNDM2M2JjN2M0YzAiOnsiY3JlYXRlIjo1NDAwMDAwMDAwMDAwLCJkZWxldGUiOjU0MDAwMDAwMDAwMDAsInJlYWQiOjMwMDAwMDAwMDAwMCwidXBkYXRlIjo1NDAwMDAwMDAwMDAwfSwic2NoZW1hX3ZlcnNpb24iOiIwIn0="
        }
      ]
    }
  ],
  "check_results": null
}
